{
  "name": "@marubase/container",
  "version": "0.0.0",
  "lockfileVersion": 2,
  "requires": true,
  "packages": {
    "": {
      "name": "@marubase/container",
      "version": "0.0.0",
      "license": "MIT",
      "funding": {
        "type": "individual",
        "url": "https://ko-fi.com/endyjasmi"
      }
    }
  }
}
